
Microsoft Visual Studio Solution File, Format Version 12.00
# Visual Studio Version 17
VisualStudioVersion = 17.3.32819.101
MinimumVisualStudioVersion = 10.0.40219.1
Project("{9A19103F-16F7-4668-BE54-9A1E7A4F7556}") = "CoreDemo", "CoreDemo\CoreDemo.csproj", "{F608CA74-A028-4D2C-A1C3-311538A3D8A0}"
EndProject
Project("{9A19103F-16F7-4668-BE54-9A1E7A4F7556}") = "EntityLayer", "EntityLayer\EntityLayer.csproj", "{598D284D-2C0A-4232-8167-2AA972AF3377}"
EndProject
Project("{9A19103F-16F7-4668-BE54-9A1E7A4F7556}") = "DataAccessLayer", "DataAccessLayer\DataAccessLayer.csproj", "{66B5D538-B3AC-444E-B1AF-62D31EC5BDA5}"
EndProject
Project("{9A19103F-16F7-4668-BE54-9A1E7A4F7556}") = "BusinessLayer", "BusinessLayer\BusinessLayer.csproj", "{B2225E63-FAE6-451B-957C-4DE1F5C92879}"
EndProject
Project("{9A19103F-16F7-4668-BE54-9A1E7A4F7556}") = "CoreLayer", "CoreLayer\CoreLayer.csproj", "{BB6364CC-CED3-45F2-8C3D-DA83BD96F1B2}"
EndProject
Global
	GlobalSection(SolutionConfigurationPlatforms) = preSolution
		Debug|Any CPU = Debug|Any CPU
		Release|Any CPU = Release|Any CPU
	EndGlobalSection
	GlobalSection(ProjectConfigurationPlatforms) = postSolution
		{F608CA74-A028-4D2C-A1C3-311538A3D8A0}.Debug|Any CPU.ActiveCfg = Debug|Any CPU
		{F608CA74-A028-4D2C-A1C3-311538A3D8A0}.Debug|Any CPU.Build.0 = Debug|Any CPU
		{F608CA74-A028-4D2C-A1C3-311538A3D8A0}.Release|Any CPU.ActiveCfg = Release|Any CPU
		{F608CA74-A028-4D2C-A1C3-311538A3D8A0}.Release|Any CPU.Build.0 = Release|Any CPU
		{598D284D-2C0A-4232-8167-2AA972AF3377}.Debug|Any CPU.ActiveCfg = Debug|Any CPU
		{598D284D-2C0A-4232-8167-2AA972AF3377}.Debug|Any CPU.Build.0 = Debug|Any CPU
		{598D284D-2C0A-4232-8167-2AA972AF3377}.Release|Any CPU.ActiveCfg = Release|Any CPU
		{598D284D-2C0A-4232-8167-2AA972AF3377}.Release|Any CPU.Build.0 = Release|Any CPU
		{66B5D538-B3AC-444E-B1AF-62D31EC5BDA5}.Debug|Any CPU.ActiveCfg = Debug|Any CPU
		{66B5D538-B3AC-444E-B1AF-62D31EC5BDA5}.Debug|Any CPU.Build.0 = Debug|Any CPU
		{66B5D538-B3AC-444E-B1AF-62D31EC5BDA5}.Release|Any CPU.ActiveCfg = Release|Any CPU
		{66B5D538-B3AC-444E-B1AF-62D31EC5BDA5}.Release|Any CPU.Build.0 = Release|Any CPU
		{B2225E63-FAE6-451B-957C-4DE1F5C92879}.Debug|Any CPU.ActiveCfg = Debug|Any CPU
		{B2225E63-FAE6-451B-957C-4DE1F5C92879}.Debug|Any CPU.Build.0 = Debug|Any CPU
		{B2225E63-FAE6-451B-957C-4DE1F5C92879}.Release|Any CPU.ActiveCfg = Release|Any CPU
		{B2225E63-FAE6-451B-957C-4DE1F5C92879}.Release|Any CPU.Build.0 = Release|Any CPU
		{BB6364CC-CED3-45F2-8C3D-DA83BD96F1B2}.Debug|Any CPU.ActiveCfg = Debug|Any CPU
		{BB6364CC-CED3-45F2-8C3D-DA83BD96F1B2}.Debug|Any CPU.Build.0 = Debug|Any CPU
		{BB6364CC-CED3-45F2-8C3D-DA83BD96F1B2}.Release|Any CPU.ActiveCfg = Release|Any CPU
		{BB6364CC-CED3-45F2-8C3D-DA83BD96F1B2}.Release|Any CPU.Build.0 = Release|Any CPU
	EndGlobalSection
	GlobalSection(SolutionProperties) = preSolution
		HideSolutionNode = FALSE
	EndGlobalSection
	GlobalSection(ExtensibilityGlobals) = postSolution
		SolutionGuid = {B8BEED27-62A7-430D-8960-2F9A7C0EC088}
	EndGlobalSection
EndGlobal
